
Microsoft Visual Studio Solution File, Format Version 12.00
# Visual Studio 2013
VisualStudioVersion = 12.0.31101.0
MinimumVisualStudioVersion = 10.0.40219.1
Project("{FAE04EC0-301F-11D3-BF4B-00C04F79EFBC}") = "Framesharp.Domain", "Framesharp.Domain\Framesharp.Domain.csproj", "{255CAF06-8658-4DBD-B064-05E08CE44441}"
EndProject
Project("{FAE04EC0-301F-11D3-BF4B-00C04F79EFBC}") = "Framesharp.DomainService", "Framesharp.DomainService\Framesharp.DomainService.csproj", "{DB04F481-6E56-41AF-BEAE-19935CED9DBF}"
EndProject
Project("{FAE04EC0-301F-11D3-BF4B-00C04F79EFBC}") = "Framesharp.Data", "Framesharp.Data\Framesharp.Data.csproj", "{EB61812C-9A00-460F-A8F0-6B1AC70CDAAD}"
EndProject
Project("{FAE04EC0-301F-11D3-BF4B-00C04F79EFBC}") = "Framesharp.Repository", "Framesharp.Repository\Framesharp.Repository.csproj", "{04151C7F-54CF-4D45-B84D-E5BBF3CD63A6}"
EndProject
Project("{FAE04EC0-301F-11D3-BF4B-00C04F79EFBC}") = "Framesharp.DependencyInjection", "Framesharp.DependencyInjection\Framesharp.DependencyInjection.csproj", "{18240F94-2126-452A-AD99-857247B298B4}"
EndProject
Project("{FAE04EC0-301F-11D3-BF4B-00C04F79EFBC}") = "Framesharp.Configuration", "Framesharp.Configuration\Framesharp.Configuration.csproj", "{B038F5B8-22E6-4F07-B144-45FDADF72D24}"
EndProject
Project("{FAE04EC0-301F-11D3-BF4B-00C04F79EFBC}") = "Framesharp.DependencyInjection.Registry", "Framesharp.DependencyInjection.Registry\Framesharp.DependencyInjection.Registry.csproj", "{4923E2A7-D57B-4952-BF17-214EB9B326DD}"
EndProject
Project("{FAE04EC0-301F-11D3-BF4B-00C04F79EFBC}") = "Framesharp.Core", "Framesharp.Core\Framesharp.Core.csproj", "{C7734551-8C38-4886-A20D-E0DC7A220179}"
EndProject
Project("{FAE04EC0-301F-11D3-BF4B-00C04F79EFBC}") = "Framesharp.Data.Collection", "Framesharp.Data.Collection\Framesharp.Data.Collection.csproj", "{9BC9A179-9664-4085-910A-DB0E30B9D113}"
EndProject
Project("{FAE04EC0-301F-11D3-BF4B-00C04F79EFBC}") = "Framesharp.Collection", "Framesharp.Collection\Framesharp.Collection.csproj", "{34893CCD-D37A-406C-8C09-DE9189A1C92A}"
EndProject
Project("{FAE04EC0-301F-11D3-BF4B-00C04F79EFBC}") = "Framesharp.Data.Transaction", "Framesharp.Data.Transaction\Framesharp.Data.Transaction.csproj", "{66A21652-B1E5-4D06-A21D-14FEBF9238DF}"
EndProject
Global
	GlobalSection(SolutionConfigurationPlatforms) = preSolution
		Build|Any CPU = Build|Any CPU
		Build|Mixed Platforms = Build|Mixed Platforms
		Build|x86 = Build|x86
		Debug|Any CPU = Debug|Any CPU
		Debug|Mixed Platforms = Debug|Mixed Platforms
		Debug|x86 = Debug|x86
		Release|Any CPU = Release|Any CPU
		Release|Mixed Platforms = Release|Mixed Platforms
		Release|x86 = Release|x86
	EndGlobalSection
	GlobalSection(ProjectConfigurationPlatforms) = postSolution
		{255CAF06-8658-4DBD-B064-05E08CE44441}.Build|Any CPU.ActiveCfg = Release|Any CPU
		{255CAF06-8658-4DBD-B064-05E08CE44441}.Build|Any CPU.Build.0 = Release|Any CPU
		{255CAF06-8658-4DBD-B064-05E08CE44441}.Build|Mixed Platforms.ActiveCfg = Release|Any CPU
		{255CAF06-8658-4DBD-B064-05E08CE44441}.Build|Mixed Platforms.Build.0 = Release|Any CPU
		{255CAF06-8658-4DBD-B064-05E08CE44441}.Build|x86.ActiveCfg = Release|Any CPU
		{255CAF06-8658-4DBD-B064-05E08CE44441}.Debug|Any CPU.ActiveCfg = Debug|Any CPU
		{255CAF06-8658-4DBD-B064-05E08CE44441}.Debug|Any CPU.Build.0 = Debug|Any CPU
		{255CAF06-8658-4DBD-B064-05E08CE44441}.Debug|Mixed Platforms.ActiveCfg = Debug|Any CPU
		{255CAF06-8658-4DBD-B064-05E08CE44441}.Debug|Mixed Platforms.Build.0 = Debug|Any CPU
		{255CAF06-8658-4DBD-B064-05E08CE44441}.Debug|x86.ActiveCfg = Debug|Any CPU
		{255CAF06-8658-4DBD-B064-05E08CE44441}.Release|Any CPU.ActiveCfg = Release|Any CPU
		{255CAF06-8658-4DBD-B064-05E08CE44441}.Release|Any CPU.Build.0 = Release|Any CPU
		{255CAF06-8658-4DBD-B064-05E08CE44441}.Release|Mixed Platforms.ActiveCfg = Release|Any CPU
		{255CAF06-8658-4DBD-B064-05E08CE44441}.Release|Mixed Platforms.Build.0 = Release|Any CPU
		{255CAF06-8658-4DBD-B064-05E08CE44441}.Release|x86.ActiveCfg = Release|Any CPU
		{DB04F481-6E56-41AF-BEAE-19935CED9DBF}.Build|Any CPU.ActiveCfg = Release|Any CPU
		{DB04F481-6E56-41AF-BEAE-19935CED9DBF}.Build|Any CPU.Build.0 = Release|Any CPU
		{DB04F481-6E56-41AF-BEAE-19935CED9DBF}.Build|Mixed Platforms.ActiveCfg = Release|Any CPU
		{DB04F481-6E56-41AF-BEAE-19935CED9DBF}.Build|Mixed Platforms.Build.0 = Release|Any CPU
		{DB04F481-6E56-41AF-BEAE-19935CED9DBF}.Build|x86.ActiveCfg = Release|Any CPU
		{DB04F481-6E56-41AF-BEAE-19935CED9DBF}.Debug|Any CPU.ActiveCfg = Debug|Any CPU
		{DB04F481-6E56-41AF-BEAE-19935CED9DBF}.Debug|Any CPU.Build.0 = Debug|Any CPU
		{DB04F481-6E56-41AF-BEAE-19935CED9DBF}.Debug|Mixed Platforms.ActiveCfg = Debug|Any CPU
		{DB04F481-6E56-41AF-BEAE-19935CED9DBF}.Debug|Mixed Platforms.Build.0 = Debug|Any CPU
		{DB04F481-6E56-41AF-BEAE-19935CED9DBF}.Debug|x86.ActiveCfg = Debug|Any CPU
		{DB04F481-6E56-41AF-BEAE-19935CED9DBF}.Release|Any CPU.ActiveCfg = Release|Any CPU
		{DB04F481-6E56-41AF-BEAE-19935CED9DBF}.Release|Any CPU.Build.0 = Release|Any CPU
		{DB04F481-6E56-41AF-BEAE-19935CED9DBF}.Release|Mixed Platforms.ActiveCfg = Release|Any CPU
		{DB04F481-6E56-41AF-BEAE-19935CED9DBF}.Release|Mixed Platforms.Build.0 = Release|Any CPU
		{DB04F481-6E56-41AF-BEAE-19935CED9DBF}.Release|x86.ActiveCfg = Release|Any CPU
		{EB61812C-9A00-460F-A8F0-6B1AC70CDAAD}.Build|Any CPU.ActiveCfg = Release|Any CPU
		{EB61812C-9A00-460F-A8F0-6B1AC70CDAAD}.Build|Any CPU.Build.0 = Release|Any CPU
		{EB61812C-9A00-460F-A8F0-6B1AC70CDAAD}.Build|Mixed Platforms.ActiveCfg = Release|Any CPU
		{EB61812C-9A00-460F-A8F0-6B1AC70CDAAD}.Build|Mixed Platforms.Build.0 = Release|Any CPU
		{EB61812C-9A00-460F-A8F0-6B1AC70CDAAD}.Build|x86.ActiveCfg = Release|Any CPU
		{EB61812C-9A00-460F-A8F0-6B1AC70CDAAD}.Debug|Any CPU.ActiveCfg = Debug|Any CPU
		{EB61812C-9A00-460F-A8F0-6B1AC70CDAAD}.Debug|Any CPU.Build.0 = Debug|Any CPU
		{EB61812C-9A00-460F-A8F0-6B1AC70CDAAD}.Debug|Mixed Platforms.ActiveCfg = Debug|Any CPU
		{EB61812C-9A00-460F-A8F0-6B1AC70CDAAD}.Debug|Mixed Platforms.Build.0 = Debug|Any CPU
		{EB61812C-9A00-460F-A8F0-6B1AC70CDAAD}.Debug|x86.ActiveCfg = Debug|Any CPU
		{EB61812C-9A00-460F-A8F0-6B1AC70CDAAD}.Release|Any CPU.ActiveCfg = Release|Any CPU
		{EB61812C-9A00-460F-A8F0-6B1AC70CDAAD}.Release|Any CPU.Build.0 = Release|Any CPU
		{EB61812C-9A00-460F-A8F0-6B1AC70CDAAD}.Release|Mixed Platforms.ActiveCfg = Release|Any CPU
		{EB61812C-9A00-460F-A8F0-6B1AC70CDAAD}.Release|Mixed Platforms.Build.0 = Release|Any CPU
		{EB61812C-9A00-460F-A8F0-6B1AC70CDAAD}.Release|x86.ActiveCfg = Release|Any CPU
		{04151C7F-54CF-4D45-B84D-E5BBF3CD63A6}.Build|Any CPU.ActiveCfg = Release|Any CPU
		{04151C7F-54CF-4D45-B84D-E5BBF3CD63A6}.Build|Any CPU.Build.0 = Release|Any CPU
		{04151C7F-54CF-4D45-B84D-E5BBF3CD63A6}.Build|Mixed Platforms.ActiveCfg = Release|Any CPU
		{04151C7F-54CF-4D45-B84D-E5BBF3CD63A6}.Build|Mixed Platforms.Build.0 = Release|Any CPU
		{04151C7F-54CF-4D45-B84D-E5BBF3CD63A6}.Build|x86.ActiveCfg = Release|Any CPU
		{04151C7F-54CF-4D45-B84D-E5BBF3CD63A6}.Debug|Any CPU.ActiveCfg = Debug|Any CPU
		{04151C7F-54CF-4D45-B84D-E5BBF3CD63A6}.Debug|Any CPU.Build.0 = Debug|Any CPU
		{04151C7F-54CF-4D45-B84D-E5BBF3CD63A6}.Debug|Mixed Platforms.ActiveCfg = Debug|Any CPU
		{04151C7F-54CF-4D45-B84D-E5BBF3CD63A6}.Debug|Mixed Platforms.Build.0 = Debug|Any CPU
		{04151C7F-54CF-4D45-B84D-E5BBF3CD63A6}.Debug|x86.ActiveCfg = Debug|Any CPU
		{04151C7F-54CF-4D45-B84D-E5BBF3CD63A6}.Release|Any CPU.ActiveCfg = Release|Any CPU
		{04151C7F-54CF-4D45-B84D-E5BBF3CD63A6}.Release|Any CPU.Build.0 = Release|Any CPU
		{04151C7F-54CF-4D45-B84D-E5BBF3CD63A6}.Release|Mixed Platforms.ActiveCfg = Release|Any CPU
		{04151C7F-54CF-4D45-B84D-E5BBF3CD63A6}.Release|Mixed Platforms.Build.0 = Release|Any CPU
		{04151C7F-54CF-4D45-B84D-E5BBF3CD63A6}.Release|x86.ActiveCfg = Release|Any CPU
		{18240F94-2126-452A-AD99-857247B298B4}.Build|Any CPU.ActiveCfg = Release|Any CPU
		{18240F94-2126-452A-AD99-857247B298B4}.Build|Any CPU.Build.0 = Release|Any CPU
		{18240F94-2126-452A-AD99-857247B298B4}.Build|Mixed Platforms.ActiveCfg = Release|Any CPU
		{18240F94-2126-452A-AD99-857247B298B4}.Build|Mixed Platforms.Build.0 = Release|Any CPU
		{18240F94-2126-452A-AD99-857247B298B4}.Build|x86.ActiveCfg = Release|Any CPU
		{18240F94-2126-452A-AD99-857247B298B4}.Debug|Any CPU.ActiveCfg = Debug|Any CPU
		{18240F94-2126-452A-AD99-857247B298B4}.Debug|Any CPU.Build.0 = Debug|Any CPU
		{18240F94-2126-452A-AD99-857247B298B4}.Debug|Mixed Platforms.ActiveCfg = Debug|Any CPU
		{18240F94-2126-452A-AD99-857247B298B4}.Debug|Mixed Platforms.Build.0 = Debug|Any CPU
		{18240F94-2126-452A-AD99-857247B298B4}.Debug|x86.ActiveCfg = Debug|Any CPU
		{18240F94-2126-452A-AD99-857247B298B4}.Release|Any CPU.ActiveCfg = Release|Any CPU
		{18240F94-2126-452A-AD99-857247B298B4}.Release|Any CPU.Build.0 = Release|Any CPU
		{18240F94-2126-452A-AD99-857247B298B4}.Release|Mixed Platforms.ActiveCfg = Release|Any CPU
		{18240F94-2126-452A-AD99-857247B298B4}.Release|Mixed Platforms.Build.0 = Release|Any CPU
		{18240F94-2126-452A-AD99-857247B298B4}.Release|x86.ActiveCfg = Release|Any CPU
		{B038F5B8-22E6-4F07-B144-45FDADF72D24}.Build|Any CPU.ActiveCfg = Release|x86
		{B038F5B8-22E6-4F07-B144-45FDADF72D24}.Build|Mixed Platforms.ActiveCfg = Release|x86
		{B038F5B8-22E6-4F07-B144-45FDADF72D24}.Build|Mixed Platforms.Build.0 = Release|x86
		{B038F5B8-22E6-4F07-B144-45FDADF72D24}.Build|x86.ActiveCfg = Release|x86
		{B038F5B8-22E6-4F07-B144-45FDADF72D24}.Build|x86.Build.0 = Release|x86
		{B038F5B8-22E6-4F07-B144-45FDADF72D24}.Debug|Any CPU.ActiveCfg = Debug|Any CPU
		{B038F5B8-22E6-4F07-B144-45FDADF72D24}.Debug|Any CPU.Build.0 = Debug|Any CPU
		{B038F5B8-22E6-4F07-B144-45FDADF72D24}.Debug|Mixed Platforms.ActiveCfg = Debug|Any CPU
		{B038F5B8-22E6-4F07-B144-45FDADF72D24}.Debug|Mixed Platforms.Build.0 = Debug|Any CPU
		{B038F5B8-22E6-4F07-B144-45FDADF72D24}.Debug|x86.ActiveCfg = Debug|x86
		{B038F5B8-22E6-4F07-B144-45FDADF72D24}.Debug|x86.Build.0 = Debug|x86
		{B038F5B8-22E6-4F07-B144-45FDADF72D24}.Release|Any CPU.ActiveCfg = Release|Any CPU
		{B038F5B8-22E6-4F07-B144-45FDADF72D24}.Release|Any CPU.Build.0 = Release|Any CPU
		{B038F5B8-22E6-4F07-B144-45FDADF72D24}.Release|Mixed Platforms.ActiveCfg = Release|x86
		{B038F5B8-22E6-4F07-B144-45FDADF72D24}.Release|Mixed Platforms.Build.0 = Release|x86
		{B038F5B8-22E6-4F07-B144-45FDADF72D24}.Release|x86.ActiveCfg = Release|x86
		{B038F5B8-22E6-4F07-B144-45FDADF72D24}.Release|x86.Build.0 = Release|x86
		{4923E2A7-D57B-4952-BF17-214EB9B326DD}.Build|Any CPU.ActiveCfg = Release|Any CPU
		{4923E2A7-D57B-4952-BF17-214EB9B326DD}.Build|Any CPU.Build.0 = Release|Any CPU
		{4923E2A7-D57B-4952-BF17-214EB9B326DD}.Build|Mixed Platforms.ActiveCfg = Release|Any CPU
		{4923E2A7-D57B-4952-BF17-214EB9B326DD}.Build|Mixed Platforms.Build.0 = Release|Any CPU
		{4923E2A7-D57B-4952-BF17-214EB9B326DD}.Build|x86.ActiveCfg = Release|Any CPU
		{4923E2A7-D57B-4952-BF17-214EB9B326DD}.Debug|Any CPU.ActiveCfg = Debug|Any CPU
		{4923E2A7-D57B-4952-BF17-214EB9B326DD}.Debug|Any CPU.Build.0 = Debug|Any CPU
		{4923E2A7-D57B-4952-BF17-214EB9B326DD}.Debug|Mixed Platforms.ActiveCfg = Debug|Any CPU
		{4923E2A7-D57B-4952-BF17-214EB9B326DD}.Debug|Mixed Platforms.Build.0 = Debug|Any CPU
		{4923E2A7-D57B-4952-BF17-214EB9B326DD}.Debug|x86.ActiveCfg = Debug|Any CPU
		{4923E2A7-D57B-4952-BF17-214EB9B326DD}.Release|Any CPU.ActiveCfg = Release|Any CPU
		{4923E2A7-D57B-4952-BF17-214EB9B326DD}.Release|Any CPU.Build.0 = Release|Any CPU
		{4923E2A7-D57B-4952-BF17-214EB9B326DD}.Release|Mixed Platforms.ActiveCfg = Release|Any CPU
		{4923E2A7-D57B-4952-BF17-214EB9B326DD}.Release|Mixed Platforms.Build.0 = Release|Any CPU
		{4923E2A7-D57B-4952-BF17-214EB9B326DD}.Release|x86.ActiveCfg = Release|Any CPU
		{C7734551-8C38-4886-A20D-E0DC7A220179}.Build|Any CPU.ActiveCfg = Release|x86
		{C7734551-8C38-4886-A20D-E0DC7A220179}.Build|Mixed Platforms.ActiveCfg = Release|x86
		{C7734551-8C38-4886-A20D-E0DC7A220179}.Build|Mixed Platforms.Build.0 = Release|x86
		{C7734551-8C38-4886-A20D-E0DC7A220179}.Build|x86.ActiveCfg = Release|x86
		{C7734551-8C38-4886-A20D-E0DC7A220179}.Build|x86.Build.0 = Release|x86
		{C7734551-8C38-4886-A20D-E0DC7A220179}.Debug|Any CPU.ActiveCfg = Debug|Any CPU
		{C7734551-8C38-4886-A20D-E0DC7A220179}.Debug|Any CPU.Build.0 = Debug|Any CPU
		{C7734551-8C38-4886-A20D-E0DC7A220179}.Debug|Mixed Platforms.ActiveCfg = Debug|Any CPU
		{C7734551-8C38-4886-A20D-E0DC7A220179}.Debug|Mixed Platforms.Build.0 = Debug|Any CPU
		{C7734551-8C38-4886-A20D-E0DC7A220179}.Debug|x86.ActiveCfg = Debug|x86
		{C7734551-8C38-4886-A20D-E0DC7A220179}.Debug|x86.Build.0 = Debug|x86
		{C7734551-8C38-4886-A20D-E0DC7A220179}.Release|Any CPU.ActiveCfg = Release|Any CPU
		{C7734551-8C38-4886-A20D-E0DC7A220179}.Release|Any CPU.Build.0 = Release|Any CPU
		{C7734551-8C38-4886-A20D-E0DC7A220179}.Release|Mixed Platforms.ActiveCfg = Release|x86
		{C7734551-8C38-4886-A20D-E0DC7A220179}.Release|Mixed Platforms.Build.0 = Release|x86
		{C7734551-8C38-4886-A20D-E0DC7A220179}.Release|x86.ActiveCfg = Release|x86
		{C7734551-8C38-4886-A20D-E0DC7A220179}.Release|x86.Build.0 = Release|x86
		{9BC9A179-9664-4085-910A-DB0E30B9D113}.Build|Any CPU.ActiveCfg = Release|Any CPU
		{9BC9A179-9664-4085-910A-DB0E30B9D113}.Build|Any CPU.Build.0 = Release|Any CPU
		{9BC9A179-9664-4085-910A-DB0E30B9D113}.Build|Mixed Platforms.ActiveCfg = Release|Any CPU
		{9BC9A179-9664-4085-910A-DB0E30B9D113}.Build|Mixed Platforms.Build.0 = Release|Any CPU
		{9BC9A179-9664-4085-910A-DB0E30B9D113}.Build|x86.ActiveCfg = Release|Any CPU
		{9BC9A179-9664-4085-910A-DB0E30B9D113}.Debug|Any CPU.ActiveCfg = Debug|Any CPU
		{9BC9A179-9664-4085-910A-DB0E30B9D113}.Debug|Any CPU.Build.0 = Debug|Any CPU
		{9BC9A179-9664-4085-910A-DB0E30B9D113}.Debug|Mixed Platforms.ActiveCfg = Debug|Any CPU
		{9BC9A179-9664-4085-910A-DB0E30B9D113}.Debug|Mixed Platforms.Build.0 = Debug|Any CPU
		{9BC9A179-9664-4085-910A-DB0E30B9D113}.Debug|x86.ActiveCfg = Debug|Any CPU
		{9BC9A179-9664-4085-910A-DB0E30B9D113}.Release|Any CPU.ActiveCfg = Release|Any CPU
		{9BC9A179-9664-4085-910A-DB0E30B9D113}.Release|Any CPU.Build.0 = Release|Any CPU
		{9BC9A179-9664-4085-910A-DB0E30B9D113}.Release|Mixed Platforms.ActiveCfg = Release|Any CPU
		{9BC9A179-9664-4085-910A-DB0E30B9D113}.Release|Mixed Platforms.Build.0 = Release|Any CPU
		{9BC9A179-9664-4085-910A-DB0E30B9D113}.Release|x86.ActiveCfg = Release|Any CPU
		{34893CCD-D37A-406C-8C09-DE9189A1C92A}.Build|Any CPU.ActiveCfg = Release|Any CPU
		{34893CCD-D37A-406C-8C09-DE9189A1C92A}.Build|Any CPU.Build.0 = Release|Any CPU
		{34893CCD-D37A-406C-8C09-DE9189A1C92A}.Build|Mixed Platforms.ActiveCfg = Release|Any CPU
		{34893CCD-D37A-406C-8C09-DE9189A1C92A}.Build|Mixed Platforms.Build.0 = Release|Any CPU
		{34893CCD-D37A-406C-8C09-DE9189A1C92A}.Build|x86.ActiveCfg = Release|Any CPU
		{34893CCD-D37A-406C-8C09-DE9189A1C92A}.Debug|Any CPU.ActiveCfg = Debug|Any CPU
		{34893CCD-D37A-406C-8C09-DE9189A1C92A}.Debug|Any CPU.Build.0 = Debug|Any CPU
		{34893CCD-D37A-406C-8C09-DE9189A1C92A}.Debug|Mixed Platforms.ActiveCfg = Debug|Any CPU
		{34893CCD-D37A-406C-8C09-DE9189A1C92A}.Debug|Mixed Platforms.Build.0 = Debug|Any CPU
		{34893CCD-D37A-406C-8C09-DE9189A1C92A}.Debug|x86.ActiveCfg = Debug|Any CPU
		{34893CCD-D37A-406C-8C09-DE9189A1C92A}.Release|Any CPU.ActiveCfg = Release|Any CPU
		{34893CCD-D37A-406C-8C09-DE9189A1C92A}.Release|Any CPU.Build.0 = Release|Any CPU
		{34893CCD-D37A-406C-8C09-DE9189A1C92A}.Release|Mixed Platforms.ActiveCfg = Release|Any CPU
		{34893CCD-D37A-406C-8C09-DE9189A1C92A}.Release|Mixed Platforms.Build.0 = Release|Any CPU
		{34893CCD-D37A-406C-8C09-DE9189A1C92A}.Release|x86.ActiveCfg = Release|Any CPU
		{66A21652-B1E5-4D06-A21D-14FEBF9238DF}.Build|Any CPU.ActiveCfg = Release|Any CPU
		{66A21652-B1E5-4D06-A21D-14FEBF9238DF}.Build|Any CPU.Build.0 = Release|Any CPU
		{66A21652-B1E5-4D06-A21D-14FEBF9238DF}.Build|Mixed Platforms.ActiveCfg = Release|Any CPU
		{66A21652-B1E5-4D06-A21D-14FEBF9238DF}.Build|Mixed Platforms.Build.0 = Release|Any CPU
		{66A21652-B1E5-4D06-A21D-14FEBF9238DF}.Build|x86.ActiveCfg = Release|Any CPU
		{66A21652-B1E5-4D06-A21D-14FEBF9238DF}.Debug|Any CPU.ActiveCfg = Debug|Any CPU
		{66A21652-B1E5-4D06-A21D-14FEBF9238DF}.Debug|Any CPU.Build.0 = Debug|Any CPU
		{66A21652-B1E5-4D06-A21D-14FEBF9238DF}.Debug|Mixed Platforms.ActiveCfg = Debug|Any CPU
		{66A21652-B1E5-4D06-A21D-14FEBF9238DF}.Debug|Mixed Platforms.Build.0 = Debug|Any CPU
		{66A21652-B1E5-4D06-A21D-14FEBF9238DF}.Debug|x86.ActiveCfg = Debug|Any CPU
		{66A21652-B1E5-4D06-A21D-14FEBF9238DF}.Release|Any CPU.ActiveCfg = Release|Any CPU
		{66A21652-B1E5-4D06-A21D-14FEBF9238DF}.Release|Any CPU.Build.0 = Release|Any CPU
		{66A21652-B1E5-4D06-A21D-14FEBF9238DF}.Release|Mixed Platforms.ActiveCfg = Release|Any CPU
		{66A21652-B1E5-4D06-A21D-14FEBF9238DF}.Release|Mixed Platforms.Build.0 = Release|Any CPU
		{66A21652-B1E5-4D06-A21D-14FEBF9238DF}.Release|x86.ActiveCfg = Release|Any CPU
	EndGlobalSection
	GlobalSection(SolutionProperties) = preSolution
		HideSolutionNode = FALSE
	EndGlobalSection
	GlobalSection(TestCaseManagementSettings) = postSolution
		CategoryFile = Bouncer.vsmdi
	EndGlobalSection
	GlobalSection(SubversionScc) = preSolution
		Svn-Managed = True
		Manager = AnkhSVN - Subversion Support for Visual Studio
	EndGlobalSection
EndGlobal
