
Microsoft Visual Studio Solution File, Format Version 12.00
# Visual Studio 2013
VisualStudioVersion = 12.0.21005.1
MinimumVisualStudioVersion = 10.0.40219.1
Project("{FAE04EC0-301F-11D3-BF4B-00C04F79EFBC}") = "Framesharp.Domain", "Framesharp.Domain\Framesharp.Domain.csproj", "{255CAF06-8658-4DBD-B064-05E08CE44441}"
EndProject
Project("{FAE04EC0-301F-11D3-BF4B-00C04F79EFBC}") = "Framesharp.DomainService", "Framesharp.DomainService\Framesharp.DomainService.csproj", "{DB04F481-6E56-41AF-BEAE-19935CED9DBF}"
EndProject
Project("{FAE04EC0-301F-11D3-BF4B-00C04F79EFBC}") = "Framesharp.Persistence", "Framesharp.Persistence\Framesharp.Persistence.csproj", "{EB61812C-9A00-460F-A8F0-6B1AC70CDAAD}"
EndProject
Project("{FAE04EC0-301F-11D3-BF4B-00C04F79EFBC}") = "Framesharp.Repository", "Framesharp.Repository\Framesharp.Repository.csproj", "{04151C7F-54CF-4D45-B84D-E5BBF3CD63A6}"
EndProject
Project("{FAE04EC0-301F-11D3-BF4B-00C04F79EFBC}") = "Framesharp.Common", "Framesharp.Common\Framesharp.Common.csproj", "{B69A9717-8250-40C3-95B6-A377CF456D34}"
EndProject
Project("{FAE04EC0-301F-11D3-BF4B-00C04F79EFBC}") = "Framesharp.Presentation.Web", "Framesharp.Presentation.Web\Framesharp.Presentation.Web.csproj", "{1AFC283D-C114-4F1B-99DB-1B200BC038D7}"
EndProject
Project("{FAE04EC0-301F-11D3-BF4B-00C04F79EFBC}") = "Framesharp.DependencyInjection", "Framesharp.DependencyInjection\Framesharp.DependencyInjection.csproj", "{18240F94-2126-452A-AD99-857247B298B4}"
EndProject
Project("{FAE04EC0-301F-11D3-BF4B-00C04F79EFBC}") = "Framesharp.Test", "Framesharp.Test\Framesharp.Test.csproj", "{AD53B058-02E0-4800-98D6-7199999C28AE}"
EndProject
Project("{FAE04EC0-301F-11D3-BF4B-00C04F79EFBC}") = "Framesharp.Configuration", "Framesharp.Configuration\Framesharp.Configuration.csproj", "{B038F5B8-22E6-4F07-B144-45FDADF72D24}"
EndProject
Project("{FAE04EC0-301F-11D3-BF4B-00C04F79EFBC}") = "Framesharp.DependencyInjection.Registry", "Framesharp.DependencyInjection.Registry\Framesharp.DependencyInjection.Registry.csproj", "{4923E2A7-D57B-4952-BF17-214EB9B326DD}"
EndProject
Project("{FAE04EC0-301F-11D3-BF4B-00C04F79EFBC}") = "Framesharp.Test.Persistence", "Framesharp.Test.Persistence\Framesharp.Test.Persistence.csproj", "{487F6FF2-FC61-4467-AA0B-ABD9E89268E2}"
EndProject
Project("{FAE04EC0-301F-11D3-BF4B-00C04F79EFBC}") = "Framesharp.Core", "Framesharp.Core\Framesharp.Core.csproj", "{C7734551-8C38-4886-A20D-E0DC7A220179}"
EndProject
Project("{FAE04EC0-301F-11D3-BF4B-00C04F79EFBC}") = "Framesharp.Test.Web", "Framesharp.Test.Web\Framesharp.Test.Web.csproj", "{20300AC9-5A6E-4603-A82D-7242BB268CA9}"
EndProject
Project("{FAE04EC0-301F-11D3-BF4B-00C04F79EFBC}") = "Framesharp.ServiceModel", "Framesharp.ServiceModel\Framesharp.ServiceModel.csproj", "{8E0BFBEB-6E6B-4DAF-B951-20CA0DAC5682}"
EndProject
Project("{FAE04EC0-301F-11D3-BF4B-00C04F79EFBC}") = "Framesharp.ServiceModel.Test", "Framesharp.ServiceModel.Test\Framesharp.ServiceModel.Test.csproj", "{C57E3D87-96E4-43F3-B255-C28B76DC3C2F}"
EndProject
Project("{FAE04EC0-301F-11D3-BF4B-00C04F79EFBC}") = "Framesharp.ServiceModel.Web", "Framesharp.ServiceModel.Web\Framesharp.ServiceModel.Web.csproj", "{E83D2F7A-36E9-4098-A92A-CD0AF16A09B6}"
EndProject
Project("{FAE04EC0-301F-11D3-BF4B-00C04F79EFBC}") = "Framesharp.ServiceModel.Context", "Framesharp.ServiceModel.Context\Framesharp.ServiceModel.Context.csproj", "{A0EED714-7DDB-4D65-9329-16AAB0C0B327}"
EndProject
Project("{FAE04EC0-301F-11D3-BF4B-00C04F79EFBC}") = "Framesharp.Persistence.Collection", "Framesharp.Persistence.Collection\Framesharp.Persistence.Collection.csproj", "{9BC9A179-9664-4085-910A-DB0E30B9D113}"
EndProject
Project("{FAE04EC0-301F-11D3-BF4B-00C04F79EFBC}") = "Framesharp.Collection", "Framesharp.Collection\Framesharp.Collection.csproj", "{34893CCD-D37A-406C-8C09-DE9189A1C92A}"
EndProject
Project("{FAE04EC0-301F-11D3-BF4B-00C04F79EFBC}") = "Framesharp.ServiceModel.Type", "Framesharp.ServiceModel.Type\Framesharp.ServiceModel.Type.csproj", "{32AA22E3-9428-4521-A4F3-A5B603896CEA}"
EndProject
Project("{FAE04EC0-301F-11D3-BF4B-00C04F79EFBC}") = "Framesharp.ServiceModel.Activation", "Framesharp.ServiceModel.Activation\Framesharp.ServiceModel.Activation.csproj", "{A2FC33F6-FFBE-4EBF-9339-769C08B470DC}"
EndProject
Project("{FAE04EC0-301F-11D3-BF4B-00C04F79EFBC}") = "Framesharp.Persistence.Transaction", "Framesharp.Persistence.Transaction\Framesharp.Persistence.Transaction.csproj", "{66A21652-B1E5-4D06-A21D-14FEBF9238DF}"
EndProject
Global
	GlobalSection(TeamFoundationVersionControl) = preSolution
		SccNumberOfProjects = 23
		SccEnterpriseProvider = {4CA58AB2-18FA-4F8D-95D4-32DDF27D184C}
		SccTeamFoundationServer = https://claudiocidade.visualstudio.com/defaultcollection
		SccLocalPath0 = .
		SccProjectUniqueName1 = Framesharp.Domain\\Framesharp.Domain.csproj
		SccProjectName1 = Framesharp.Domain
		SccLocalPath1 = Framesharp.Domain
		SccProjectUniqueName2 = Framesharp.DomainService\\Framesharp.DomainService.csproj
		SccProjectName2 = Framesharp.DomainService
		SccLocalPath2 = Framesharp.DomainService
		SccProjectUniqueName3 = Framesharp.Persistence\\Framesharp.Persistence.csproj
		SccProjectName3 = Framesharp.Persistence
		SccLocalPath3 = Framesharp.Persistence
		SccProjectUniqueName4 = Framesharp.Repository\\Framesharp.Repository.csproj
		SccProjectName4 = Framesharp.Repository
		SccLocalPath4 = Framesharp.Repository
		SccProjectUniqueName5 = Framesharp.Common\\Framesharp.Common.csproj
		SccProjectName5 = Framesharp.Common
		SccLocalPath5 = Framesharp.Common
		SccProjectUniqueName6 = Framesharp.Presentation.Web\\Framesharp.Presentation.Web.csproj
		SccProjectName6 = Framesharp.Presentation.Web
		SccLocalPath6 = Framesharp.Presentation.Web
		SccProjectUniqueName7 = Framesharp.DependencyInjection\\Framesharp.DependencyInjection.csproj
		SccProjectName7 = Framesharp.DependencyInjection
		SccLocalPath7 = Framesharp.DependencyInjection
		SccProjectUniqueName8 = Framesharp.Test\\Framesharp.Test.csproj
		SccProjectName8 = Framesharp.Test
		SccLocalPath8 = Framesharp.Test
		SccProjectUniqueName9 = Framesharp.Configuration\\Framesharp.Configuration.csproj
		SccProjectName9 = Framesharp.Configuration
		SccLocalPath9 = Framesharp.Configuration
		SccProjectUniqueName10 = Framesharp.DependencyInjection.Registry\\Framesharp.DependencyInjection.Registry.csproj
		SccProjectName10 = Framesharp.DependencyInjection.Registry
		SccLocalPath10 = Framesharp.DependencyInjection.Registry
		SccProjectUniqueName11 = Framesharp.Test.Persistence\\Framesharp.Test.Persistence.csproj
		SccProjectName11 = Framesharp.Test.Persistence
		SccLocalPath11 = Framesharp.Test.Persistence
		SccProjectUniqueName12 = Framesharp.Core\\Framesharp.Core.csproj
		SccProjectName12 = Framesharp.Core
		SccLocalPath12 = Framesharp.Core
		SccProjectUniqueName13 = Framesharp.Test.Web\\Framesharp.Test.Web.csproj
		SccProjectName13 = Framesharp.Test.Web
		SccLocalPath13 = Framesharp.Test.Web
		SccProjectUniqueName14 = Framesharp.ServiceModel\\Framesharp.ServiceModel.csproj
		SccProjectName14 = Framesharp.ServiceModel
		SccLocalPath14 = Framesharp.ServiceModel
		SccProjectUniqueName15 = Framesharp.ServiceModel.Test\\Framesharp.ServiceModel.Test.csproj
		SccProjectName15 = Framesharp.ServiceModel.Test
		SccLocalPath15 = Framesharp.ServiceModel.Test
		SccProjectUniqueName16 = Framesharp.ServiceModel.Web\\Framesharp.ServiceModel.Web.csproj
		SccProjectName16 = Framesharp.ServiceModel.Web
		SccLocalPath16 = Framesharp.ServiceModel.Web
		SccProjectUniqueName17 = Framesharp.ServiceModel.Context\\Framesharp.ServiceModel.Context.csproj
		SccProjectName17 = Framesharp.ServiceModel.Context
		SccLocalPath17 = Framesharp.ServiceModel.Context
		SccProjectUniqueName18 = Framesharp.Persistence.Collection\\Framesharp.Persistence.Collection.csproj
		SccProjectName18 = Framesharp.Persistence.Collection
		SccLocalPath18 = Framesharp.Persistence.Collection
		SccProjectUniqueName19 = Framesharp.Collection\\Framesharp.Collection.csproj
		SccProjectName19 = Framesharp.Collection
		SccLocalPath19 = Framesharp.Collection
		SccProjectUniqueName20 = Framesharp.ServiceModel.Type\\Framesharp.ServiceModel.Type.csproj
		SccProjectName20 = Framesharp.ServiceModel.Type
		SccLocalPath20 = Framesharp.ServiceModel.Type
		SccProjectUniqueName21 = Framesharp.ServiceModel.Activation\\Framesharp.ServiceModel.Activation.csproj
		SccProjectName21 = Framesharp.ServiceModel.Activation
		SccLocalPath21 = Framesharp.ServiceModel.Activation
		SccProjectUniqueName22 = Framesharp.Persistence.Transaction\\Framesharp.Persistence.Transaction.csproj
		SccProjectName22 = Framesharp.Persistence.Transaction
		SccLocalPath22 = Framesharp.Persistence.Transaction
	EndGlobalSection
	GlobalSection(SolutionConfigurationPlatforms) = preSolution
		Build|Any CPU = Build|Any CPU
		Build|Mixed Platforms = Build|Mixed Platforms
		Build|x86 = Build|x86
		Debug|Any CPU = Debug|Any CPU
		Debug|Mixed Platforms = Debug|Mixed Platforms
		Debug|x86 = Debug|x86
		Release|Any CPU = Release|Any CPU
		Release|Mixed Platforms = Release|Mixed Platforms
		Release|x86 = Release|x86
	EndGlobalSection
	GlobalSection(ProjectConfigurationPlatforms) = postSolution
		{255CAF06-8658-4DBD-B064-05E08CE44441}.Build|Any CPU.ActiveCfg = Release|Any CPU
		{255CAF06-8658-4DBD-B064-05E08CE44441}.Build|Any CPU.Build.0 = Release|Any CPU
		{255CAF06-8658-4DBD-B064-05E08CE44441}.Build|Mixed Platforms.ActiveCfg = Release|Any CPU
		{255CAF06-8658-4DBD-B064-05E08CE44441}.Build|Mixed Platforms.Build.0 = Release|Any CPU
		{255CAF06-8658-4DBD-B064-05E08CE44441}.Build|x86.ActiveCfg = Release|Any CPU
		{255CAF06-8658-4DBD-B064-05E08CE44441}.Debug|Any CPU.ActiveCfg = Debug|Any CPU
		{255CAF06-8658-4DBD-B064-05E08CE44441}.Debug|Any CPU.Build.0 = Debug|Any CPU
		{255CAF06-8658-4DBD-B064-05E08CE44441}.Debug|Mixed Platforms.ActiveCfg = Debug|Any CPU
		{255CAF06-8658-4DBD-B064-05E08CE44441}.Debug|Mixed Platforms.Build.0 = Debug|Any CPU
		{255CAF06-8658-4DBD-B064-05E08CE44441}.Debug|x86.ActiveCfg = Debug|Any CPU
		{255CAF06-8658-4DBD-B064-05E08CE44441}.Release|Any CPU.ActiveCfg = Release|Any CPU
		{255CAF06-8658-4DBD-B064-05E08CE44441}.Release|Any CPU.Build.0 = Release|Any CPU
		{255CAF06-8658-4DBD-B064-05E08CE44441}.Release|Mixed Platforms.ActiveCfg = Release|Any CPU
		{255CAF06-8658-4DBD-B064-05E08CE44441}.Release|Mixed Platforms.Build.0 = Release|Any CPU
		{255CAF06-8658-4DBD-B064-05E08CE44441}.Release|x86.ActiveCfg = Release|Any CPU
		{DB04F481-6E56-41AF-BEAE-19935CED9DBF}.Build|Any CPU.ActiveCfg = Release|Any CPU
		{DB04F481-6E56-41AF-BEAE-19935CED9DBF}.Build|Any CPU.Build.0 = Release|Any CPU
		{DB04F481-6E56-41AF-BEAE-19935CED9DBF}.Build|Mixed Platforms.ActiveCfg = Release|Any CPU
		{DB04F481-6E56-41AF-BEAE-19935CED9DBF}.Build|Mixed Platforms.Build.0 = Release|Any CPU
		{DB04F481-6E56-41AF-BEAE-19935CED9DBF}.Build|x86.ActiveCfg = Release|Any CPU
		{DB04F481-6E56-41AF-BEAE-19935CED9DBF}.Debug|Any CPU.ActiveCfg = Debug|Any CPU
		{DB04F481-6E56-41AF-BEAE-19935CED9DBF}.Debug|Any CPU.Build.0 = Debug|Any CPU
		{DB04F481-6E56-41AF-BEAE-19935CED9DBF}.Debug|Mixed Platforms.ActiveCfg = Debug|Any CPU
		{DB04F481-6E56-41AF-BEAE-19935CED9DBF}.Debug|Mixed Platforms.Build.0 = Debug|Any CPU
		{DB04F481-6E56-41AF-BEAE-19935CED9DBF}.Debug|x86.ActiveCfg = Debug|Any CPU
		{DB04F481-6E56-41AF-BEAE-19935CED9DBF}.Release|Any CPU.ActiveCfg = Release|Any CPU
		{DB04F481-6E56-41AF-BEAE-19935CED9DBF}.Release|Any CPU.Build.0 = Release|Any CPU
		{DB04F481-6E56-41AF-BEAE-19935CED9DBF}.Release|Mixed Platforms.ActiveCfg = Release|Any CPU
		{DB04F481-6E56-41AF-BEAE-19935CED9DBF}.Release|Mixed Platforms.Build.0 = Release|Any CPU
		{DB04F481-6E56-41AF-BEAE-19935CED9DBF}.Release|x86.ActiveCfg = Release|Any CPU
		{EB61812C-9A00-460F-A8F0-6B1AC70CDAAD}.Build|Any CPU.ActiveCfg = Release|Any CPU
		{EB61812C-9A00-460F-A8F0-6B1AC70CDAAD}.Build|Any CPU.Build.0 = Release|Any CPU
		{EB61812C-9A00-460F-A8F0-6B1AC70CDAAD}.Build|Mixed Platforms.ActiveCfg = Release|Any CPU
		{EB61812C-9A00-460F-A8F0-6B1AC70CDAAD}.Build|Mixed Platforms.Build.0 = Release|Any CPU
		{EB61812C-9A00-460F-A8F0-6B1AC70CDAAD}.Build|x86.ActiveCfg = Release|Any CPU
		{EB61812C-9A00-460F-A8F0-6B1AC70CDAAD}.Debug|Any CPU.ActiveCfg = Debug|Any CPU
		{EB61812C-9A00-460F-A8F0-6B1AC70CDAAD}.Debug|Any CPU.Build.0 = Debug|Any CPU
		{EB61812C-9A00-460F-A8F0-6B1AC70CDAAD}.Debug|Mixed Platforms.ActiveCfg = Debug|Any CPU
		{EB61812C-9A00-460F-A8F0-6B1AC70CDAAD}.Debug|Mixed Platforms.Build.0 = Debug|Any CPU
		{EB61812C-9A00-460F-A8F0-6B1AC70CDAAD}.Debug|x86.ActiveCfg = Debug|Any CPU
		{EB61812C-9A00-460F-A8F0-6B1AC70CDAAD}.Release|Any CPU.ActiveCfg = Release|Any CPU
		{EB61812C-9A00-460F-A8F0-6B1AC70CDAAD}.Release|Any CPU.Build.0 = Release|Any CPU
		{EB61812C-9A00-460F-A8F0-6B1AC70CDAAD}.Release|Mixed Platforms.ActiveCfg = Release|Any CPU
		{EB61812C-9A00-460F-A8F0-6B1AC70CDAAD}.Release|Mixed Platforms.Build.0 = Release|Any CPU
		{EB61812C-9A00-460F-A8F0-6B1AC70CDAAD}.Release|x86.ActiveCfg = Release|Any CPU
		{04151C7F-54CF-4D45-B84D-E5BBF3CD63A6}.Build|Any CPU.ActiveCfg = Release|Any CPU
		{04151C7F-54CF-4D45-B84D-E5BBF3CD63A6}.Build|Any CPU.Build.0 = Release|Any CPU
		{04151C7F-54CF-4D45-B84D-E5BBF3CD63A6}.Build|Mixed Platforms.ActiveCfg = Release|Any CPU
		{04151C7F-54CF-4D45-B84D-E5BBF3CD63A6}.Build|Mixed Platforms.Build.0 = Release|Any CPU
		{04151C7F-54CF-4D45-B84D-E5BBF3CD63A6}.Build|x86.ActiveCfg = Release|Any CPU
		{04151C7F-54CF-4D45-B84D-E5BBF3CD63A6}.Debug|Any CPU.ActiveCfg = Debug|Any CPU
		{04151C7F-54CF-4D45-B84D-E5BBF3CD63A6}.Debug|Any CPU.Build.0 = Debug|Any CPU
		{04151C7F-54CF-4D45-B84D-E5BBF3CD63A6}.Debug|Mixed Platforms.ActiveCfg = Debug|Any CPU
		{04151C7F-54CF-4D45-B84D-E5BBF3CD63A6}.Debug|Mixed Platforms.Build.0 = Debug|Any CPU
		{04151C7F-54CF-4D45-B84D-E5BBF3CD63A6}.Debug|x86.ActiveCfg = Debug|Any CPU
		{04151C7F-54CF-4D45-B84D-E5BBF3CD63A6}.Release|Any CPU.ActiveCfg = Release|Any CPU
		{04151C7F-54CF-4D45-B84D-E5BBF3CD63A6}.Release|Any CPU.Build.0 = Release|Any CPU
		{04151C7F-54CF-4D45-B84D-E5BBF3CD63A6}.Release|Mixed Platforms.ActiveCfg = Release|Any CPU
		{04151C7F-54CF-4D45-B84D-E5BBF3CD63A6}.Release|Mixed Platforms.Build.0 = Release|Any CPU
		{04151C7F-54CF-4D45-B84D-E5BBF3CD63A6}.Release|x86.ActiveCfg = Release|Any CPU
		{B69A9717-8250-40C3-95B6-A377CF456D34}.Build|Any CPU.ActiveCfg = Release|Any CPU
		{B69A9717-8250-40C3-95B6-A377CF456D34}.Build|Any CPU.Build.0 = Release|Any CPU
		{B69A9717-8250-40C3-95B6-A377CF456D34}.Build|Mixed Platforms.ActiveCfg = Release|Any CPU
		{B69A9717-8250-40C3-95B6-A377CF456D34}.Build|Mixed Platforms.Build.0 = Release|Any CPU
		{B69A9717-8250-40C3-95B6-A377CF456D34}.Build|x86.ActiveCfg = Release|Any CPU
		{B69A9717-8250-40C3-95B6-A377CF456D34}.Debug|Any CPU.ActiveCfg = Debug|Any CPU
		{B69A9717-8250-40C3-95B6-A377CF456D34}.Debug|Any CPU.Build.0 = Debug|Any CPU
		{B69A9717-8250-40C3-95B6-A377CF456D34}.Debug|Mixed Platforms.ActiveCfg = Debug|Any CPU
		{B69A9717-8250-40C3-95B6-A377CF456D34}.Debug|Mixed Platforms.Build.0 = Debug|Any CPU
		{B69A9717-8250-40C3-95B6-A377CF456D34}.Debug|x86.ActiveCfg = Debug|Any CPU
		{B69A9717-8250-40C3-95B6-A377CF456D34}.Release|Any CPU.ActiveCfg = Release|Any CPU
		{B69A9717-8250-40C3-95B6-A377CF456D34}.Release|Any CPU.Build.0 = Release|Any CPU
		{B69A9717-8250-40C3-95B6-A377CF456D34}.Release|Mixed Platforms.ActiveCfg = Release|Any CPU
		{B69A9717-8250-40C3-95B6-A377CF456D34}.Release|Mixed Platforms.Build.0 = Release|Any CPU
		{B69A9717-8250-40C3-95B6-A377CF456D34}.Release|x86.ActiveCfg = Release|Any CPU
		{1AFC283D-C114-4F1B-99DB-1B200BC038D7}.Build|Any CPU.ActiveCfg = Release|Any CPU
		{1AFC283D-C114-4F1B-99DB-1B200BC038D7}.Build|Any CPU.Build.0 = Release|Any CPU
		{1AFC283D-C114-4F1B-99DB-1B200BC038D7}.Build|Mixed Platforms.ActiveCfg = Release|Any CPU
		{1AFC283D-C114-4F1B-99DB-1B200BC038D7}.Build|Mixed Platforms.Build.0 = Release|Any CPU
		{1AFC283D-C114-4F1B-99DB-1B200BC038D7}.Build|x86.ActiveCfg = Release|Any CPU
		{1AFC283D-C114-4F1B-99DB-1B200BC038D7}.Debug|Any CPU.ActiveCfg = Debug|Any CPU
		{1AFC283D-C114-4F1B-99DB-1B200BC038D7}.Debug|Any CPU.Build.0 = Debug|Any CPU
		{1AFC283D-C114-4F1B-99DB-1B200BC038D7}.Debug|Mixed Platforms.ActiveCfg = Debug|Any CPU
		{1AFC283D-C114-4F1B-99DB-1B200BC038D7}.Debug|Mixed Platforms.Build.0 = Debug|Any CPU
		{1AFC283D-C114-4F1B-99DB-1B200BC038D7}.Debug|x86.ActiveCfg = Debug|Any CPU
		{1AFC283D-C114-4F1B-99DB-1B200BC038D7}.Release|Any CPU.ActiveCfg = Release|Any CPU
		{1AFC283D-C114-4F1B-99DB-1B200BC038D7}.Release|Any CPU.Build.0 = Release|Any CPU
		{1AFC283D-C114-4F1B-99DB-1B200BC038D7}.Release|Mixed Platforms.ActiveCfg = Release|Any CPU
		{1AFC283D-C114-4F1B-99DB-1B200BC038D7}.Release|Mixed Platforms.Build.0 = Release|Any CPU
		{1AFC283D-C114-4F1B-99DB-1B200BC038D7}.Release|x86.ActiveCfg = Release|Any CPU
		{18240F94-2126-452A-AD99-857247B298B4}.Build|Any CPU.ActiveCfg = Release|Any CPU
		{18240F94-2126-452A-AD99-857247B298B4}.Build|Any CPU.Build.0 = Release|Any CPU
		{18240F94-2126-452A-AD99-857247B298B4}.Build|Mixed Platforms.ActiveCfg = Release|Any CPU
		{18240F94-2126-452A-AD99-857247B298B4}.Build|Mixed Platforms.Build.0 = Release|Any CPU
		{18240F94-2126-452A-AD99-857247B298B4}.Build|x86.ActiveCfg = Release|Any CPU
		{18240F94-2126-452A-AD99-857247B298B4}.Debug|Any CPU.ActiveCfg = Debug|Any CPU
		{18240F94-2126-452A-AD99-857247B298B4}.Debug|Any CPU.Build.0 = Debug|Any CPU
		{18240F94-2126-452A-AD99-857247B298B4}.Debug|Mixed Platforms.ActiveCfg = Debug|Any CPU
		{18240F94-2126-452A-AD99-857247B298B4}.Debug|Mixed Platforms.Build.0 = Debug|Any CPU
		{18240F94-2126-452A-AD99-857247B298B4}.Debug|x86.ActiveCfg = Debug|Any CPU
		{18240F94-2126-452A-AD99-857247B298B4}.Release|Any CPU.ActiveCfg = Release|Any CPU
		{18240F94-2126-452A-AD99-857247B298B4}.Release|Any CPU.Build.0 = Release|Any CPU
		{18240F94-2126-452A-AD99-857247B298B4}.Release|Mixed Platforms.ActiveCfg = Release|Any CPU
		{18240F94-2126-452A-AD99-857247B298B4}.Release|Mixed Platforms.Build.0 = Release|Any CPU
		{18240F94-2126-452A-AD99-857247B298B4}.Release|x86.ActiveCfg = Release|Any CPU
		{AD53B058-02E0-4800-98D6-7199999C28AE}.Build|Any CPU.ActiveCfg = Release|Any CPU
		{AD53B058-02E0-4800-98D6-7199999C28AE}.Build|Any CPU.Build.0 = Release|Any CPU
		{AD53B058-02E0-4800-98D6-7199999C28AE}.Build|Mixed Platforms.ActiveCfg = Release|Any CPU
		{AD53B058-02E0-4800-98D6-7199999C28AE}.Build|Mixed Platforms.Build.0 = Release|Any CPU
		{AD53B058-02E0-4800-98D6-7199999C28AE}.Build|x86.ActiveCfg = Release|Any CPU
		{AD53B058-02E0-4800-98D6-7199999C28AE}.Debug|Any CPU.ActiveCfg = Debug|Any CPU
		{AD53B058-02E0-4800-98D6-7199999C28AE}.Debug|Any CPU.Build.0 = Debug|Any CPU
		{AD53B058-02E0-4800-98D6-7199999C28AE}.Debug|Mixed Platforms.ActiveCfg = Debug|Any CPU
		{AD53B058-02E0-4800-98D6-7199999C28AE}.Debug|Mixed Platforms.Build.0 = Debug|Any CPU
		{AD53B058-02E0-4800-98D6-7199999C28AE}.Debug|x86.ActiveCfg = Debug|Any CPU
		{AD53B058-02E0-4800-98D6-7199999C28AE}.Release|Any CPU.ActiveCfg = Release|Any CPU
		{AD53B058-02E0-4800-98D6-7199999C28AE}.Release|Any CPU.Build.0 = Release|Any CPU
		{AD53B058-02E0-4800-98D6-7199999C28AE}.Release|Mixed Platforms.ActiveCfg = Release|Any CPU
		{AD53B058-02E0-4800-98D6-7199999C28AE}.Release|Mixed Platforms.Build.0 = Release|Any CPU
		{AD53B058-02E0-4800-98D6-7199999C28AE}.Release|x86.ActiveCfg = Release|Any CPU
		{B038F5B8-22E6-4F07-B144-45FDADF72D24}.Build|Any CPU.ActiveCfg = Release|x86
		{B038F5B8-22E6-4F07-B144-45FDADF72D24}.Build|Mixed Platforms.ActiveCfg = Release|x86
		{B038F5B8-22E6-4F07-B144-45FDADF72D24}.Build|Mixed Platforms.Build.0 = Release|x86
		{B038F5B8-22E6-4F07-B144-45FDADF72D24}.Build|x86.ActiveCfg = Release|x86
		{B038F5B8-22E6-4F07-B144-45FDADF72D24}.Build|x86.Build.0 = Release|x86
		{B038F5B8-22E6-4F07-B144-45FDADF72D24}.Debug|Any CPU.ActiveCfg = Debug|Any CPU
		{B038F5B8-22E6-4F07-B144-45FDADF72D24}.Debug|Any CPU.Build.0 = Debug|Any CPU
		{B038F5B8-22E6-4F07-B144-45FDADF72D24}.Debug|Mixed Platforms.ActiveCfg = Debug|Any CPU
		{B038F5B8-22E6-4F07-B144-45FDADF72D24}.Debug|Mixed Platforms.Build.0 = Debug|Any CPU
		{B038F5B8-22E6-4F07-B144-45FDADF72D24}.Debug|x86.ActiveCfg = Debug|x86
		{B038F5B8-22E6-4F07-B144-45FDADF72D24}.Debug|x86.Build.0 = Debug|x86
		{B038F5B8-22E6-4F07-B144-45FDADF72D24}.Release|Any CPU.ActiveCfg = Release|Any CPU
		{B038F5B8-22E6-4F07-B144-45FDADF72D24}.Release|Any CPU.Build.0 = Release|Any CPU
		{B038F5B8-22E6-4F07-B144-45FDADF72D24}.Release|Mixed Platforms.ActiveCfg = Release|x86
		{B038F5B8-22E6-4F07-B144-45FDADF72D24}.Release|Mixed Platforms.Build.0 = Release|x86
		{B038F5B8-22E6-4F07-B144-45FDADF72D24}.Release|x86.ActiveCfg = Release|x86
		{B038F5B8-22E6-4F07-B144-45FDADF72D24}.Release|x86.Build.0 = Release|x86
		{4923E2A7-D57B-4952-BF17-214EB9B326DD}.Build|Any CPU.ActiveCfg = Release|Any CPU
		{4923E2A7-D57B-4952-BF17-214EB9B326DD}.Build|Any CPU.Build.0 = Release|Any CPU
		{4923E2A7-D57B-4952-BF17-214EB9B326DD}.Build|Mixed Platforms.ActiveCfg = Release|Any CPU
		{4923E2A7-D57B-4952-BF17-214EB9B326DD}.Build|Mixed Platforms.Build.0 = Release|Any CPU
		{4923E2A7-D57B-4952-BF17-214EB9B326DD}.Build|x86.ActiveCfg = Release|Any CPU
		{4923E2A7-D57B-4952-BF17-214EB9B326DD}.Debug|Any CPU.ActiveCfg = Debug|Any CPU
		{4923E2A7-D57B-4952-BF17-214EB9B326DD}.Debug|Any CPU.Build.0 = Debug|Any CPU
		{4923E2A7-D57B-4952-BF17-214EB9B326DD}.Debug|Mixed Platforms.ActiveCfg = Debug|Any CPU
		{4923E2A7-D57B-4952-BF17-214EB9B326DD}.Debug|Mixed Platforms.Build.0 = Debug|Any CPU
		{4923E2A7-D57B-4952-BF17-214EB9B326DD}.Debug|x86.ActiveCfg = Debug|Any CPU
		{4923E2A7-D57B-4952-BF17-214EB9B326DD}.Release|Any CPU.ActiveCfg = Release|Any CPU
		{4923E2A7-D57B-4952-BF17-214EB9B326DD}.Release|Any CPU.Build.0 = Release|Any CPU
		{4923E2A7-D57B-4952-BF17-214EB9B326DD}.Release|Mixed Platforms.ActiveCfg = Release|Any CPU
		{4923E2A7-D57B-4952-BF17-214EB9B326DD}.Release|Mixed Platforms.Build.0 = Release|Any CPU
		{4923E2A7-D57B-4952-BF17-214EB9B326DD}.Release|x86.ActiveCfg = Release|Any CPU
		{487F6FF2-FC61-4467-AA0B-ABD9E89268E2}.Build|Any CPU.ActiveCfg = Release|Any CPU
		{487F6FF2-FC61-4467-AA0B-ABD9E89268E2}.Build|Any CPU.Build.0 = Release|Any CPU
		{487F6FF2-FC61-4467-AA0B-ABD9E89268E2}.Build|Mixed Platforms.ActiveCfg = Release|Any CPU
		{487F6FF2-FC61-4467-AA0B-ABD9E89268E2}.Build|Mixed Platforms.Build.0 = Release|Any CPU
		{487F6FF2-FC61-4467-AA0B-ABD9E89268E2}.Build|x86.ActiveCfg = Release|Any CPU
		{487F6FF2-FC61-4467-AA0B-ABD9E89268E2}.Debug|Any CPU.ActiveCfg = Debug|Any CPU
		{487F6FF2-FC61-4467-AA0B-ABD9E89268E2}.Debug|Any CPU.Build.0 = Debug|Any CPU
		{487F6FF2-FC61-4467-AA0B-ABD9E89268E2}.Debug|Mixed Platforms.ActiveCfg = Debug|Any CPU
		{487F6FF2-FC61-4467-AA0B-ABD9E89268E2}.Debug|Mixed Platforms.Build.0 = Debug|Any CPU
		{487F6FF2-FC61-4467-AA0B-ABD9E89268E2}.Debug|x86.ActiveCfg = Debug|Any CPU
		{487F6FF2-FC61-4467-AA0B-ABD9E89268E2}.Release|Any CPU.ActiveCfg = Release|Any CPU
		{487F6FF2-FC61-4467-AA0B-ABD9E89268E2}.Release|Any CPU.Build.0 = Release|Any CPU
		{487F6FF2-FC61-4467-AA0B-ABD9E89268E2}.Release|Mixed Platforms.ActiveCfg = Release|Any CPU
		{487F6FF2-FC61-4467-AA0B-ABD9E89268E2}.Release|Mixed Platforms.Build.0 = Release|Any CPU
		{487F6FF2-FC61-4467-AA0B-ABD9E89268E2}.Release|x86.ActiveCfg = Release|Any CPU
		{C7734551-8C38-4886-A20D-E0DC7A220179}.Build|Any CPU.ActiveCfg = Release|x86
		{C7734551-8C38-4886-A20D-E0DC7A220179}.Build|Mixed Platforms.ActiveCfg = Release|x86
		{C7734551-8C38-4886-A20D-E0DC7A220179}.Build|Mixed Platforms.Build.0 = Release|x86
		{C7734551-8C38-4886-A20D-E0DC7A220179}.Build|x86.ActiveCfg = Release|x86
		{C7734551-8C38-4886-A20D-E0DC7A220179}.Build|x86.Build.0 = Release|x86
		{C7734551-8C38-4886-A20D-E0DC7A220179}.Debug|Any CPU.ActiveCfg = Debug|Any CPU
		{C7734551-8C38-4886-A20D-E0DC7A220179}.Debug|Any CPU.Build.0 = Debug|Any CPU
		{C7734551-8C38-4886-A20D-E0DC7A220179}.Debug|Mixed Platforms.ActiveCfg = Debug|Any CPU
		{C7734551-8C38-4886-A20D-E0DC7A220179}.Debug|Mixed Platforms.Build.0 = Debug|Any CPU
		{C7734551-8C38-4886-A20D-E0DC7A220179}.Debug|x86.ActiveCfg = Debug|x86
		{C7734551-8C38-4886-A20D-E0DC7A220179}.Debug|x86.Build.0 = Debug|x86
		{C7734551-8C38-4886-A20D-E0DC7A220179}.Release|Any CPU.ActiveCfg = Release|Any CPU
		{C7734551-8C38-4886-A20D-E0DC7A220179}.Release|Any CPU.Build.0 = Release|Any CPU
		{C7734551-8C38-4886-A20D-E0DC7A220179}.Release|Mixed Platforms.ActiveCfg = Release|x86
		{C7734551-8C38-4886-A20D-E0DC7A220179}.Release|Mixed Platforms.Build.0 = Release|x86
		{C7734551-8C38-4886-A20D-E0DC7A220179}.Release|x86.ActiveCfg = Release|x86
		{C7734551-8C38-4886-A20D-E0DC7A220179}.Release|x86.Build.0 = Release|x86
		{20300AC9-5A6E-4603-A82D-7242BB268CA9}.Build|Any CPU.ActiveCfg = Release|Any CPU
		{20300AC9-5A6E-4603-A82D-7242BB268CA9}.Build|Any CPU.Build.0 = Release|Any CPU
		{20300AC9-5A6E-4603-A82D-7242BB268CA9}.Build|Mixed Platforms.ActiveCfg = Release|Any CPU
		{20300AC9-5A6E-4603-A82D-7242BB268CA9}.Build|Mixed Platforms.Build.0 = Release|Any CPU
		{20300AC9-5A6E-4603-A82D-7242BB268CA9}.Build|x86.ActiveCfg = Release|Any CPU
		{20300AC9-5A6E-4603-A82D-7242BB268CA9}.Debug|Any CPU.ActiveCfg = Debug|Any CPU
		{20300AC9-5A6E-4603-A82D-7242BB268CA9}.Debug|Any CPU.Build.0 = Debug|Any CPU
		{20300AC9-5A6E-4603-A82D-7242BB268CA9}.Debug|Mixed Platforms.ActiveCfg = Debug|Any CPU
		{20300AC9-5A6E-4603-A82D-7242BB268CA9}.Debug|Mixed Platforms.Build.0 = Debug|Any CPU
		{20300AC9-5A6E-4603-A82D-7242BB268CA9}.Debug|x86.ActiveCfg = Debug|Any CPU
		{20300AC9-5A6E-4603-A82D-7242BB268CA9}.Release|Any CPU.ActiveCfg = Release|Any CPU
		{20300AC9-5A6E-4603-A82D-7242BB268CA9}.Release|Any CPU.Build.0 = Release|Any CPU
		{20300AC9-5A6E-4603-A82D-7242BB268CA9}.Release|Mixed Platforms.ActiveCfg = Release|Any CPU
		{20300AC9-5A6E-4603-A82D-7242BB268CA9}.Release|Mixed Platforms.Build.0 = Release|Any CPU
		{20300AC9-5A6E-4603-A82D-7242BB268CA9}.Release|x86.ActiveCfg = Release|Any CPU
		{8E0BFBEB-6E6B-4DAF-B951-20CA0DAC5682}.Build|Any CPU.ActiveCfg = Release|Any CPU
		{8E0BFBEB-6E6B-4DAF-B951-20CA0DAC5682}.Build|Any CPU.Build.0 = Release|Any CPU
		{8E0BFBEB-6E6B-4DAF-B951-20CA0DAC5682}.Build|Mixed Platforms.ActiveCfg = Release|Any CPU
		{8E0BFBEB-6E6B-4DAF-B951-20CA0DAC5682}.Build|Mixed Platforms.Build.0 = Release|Any CPU
		{8E0BFBEB-6E6B-4DAF-B951-20CA0DAC5682}.Build|x86.ActiveCfg = Release|Any CPU
		{8E0BFBEB-6E6B-4DAF-B951-20CA0DAC5682}.Debug|Any CPU.ActiveCfg = Debug|Any CPU
		{8E0BFBEB-6E6B-4DAF-B951-20CA0DAC5682}.Debug|Any CPU.Build.0 = Debug|Any CPU
		{8E0BFBEB-6E6B-4DAF-B951-20CA0DAC5682}.Debug|Mixed Platforms.ActiveCfg = Debug|Any CPU
		{8E0BFBEB-6E6B-4DAF-B951-20CA0DAC5682}.Debug|Mixed Platforms.Build.0 = Debug|Any CPU
		{8E0BFBEB-6E6B-4DAF-B951-20CA0DAC5682}.Debug|x86.ActiveCfg = Debug|Any CPU
		{8E0BFBEB-6E6B-4DAF-B951-20CA0DAC5682}.Release|Any CPU.ActiveCfg = Release|Any CPU
		{8E0BFBEB-6E6B-4DAF-B951-20CA0DAC5682}.Release|Any CPU.Build.0 = Release|Any CPU
		{8E0BFBEB-6E6B-4DAF-B951-20CA0DAC5682}.Release|Mixed Platforms.ActiveCfg = Release|Any CPU
		{8E0BFBEB-6E6B-4DAF-B951-20CA0DAC5682}.Release|Mixed Platforms.Build.0 = Release|Any CPU
		{8E0BFBEB-6E6B-4DAF-B951-20CA0DAC5682}.Release|x86.ActiveCfg = Release|Any CPU
		{C57E3D87-96E4-43F3-B255-C28B76DC3C2F}.Build|Any CPU.ActiveCfg = Release|Any CPU
		{C57E3D87-96E4-43F3-B255-C28B76DC3C2F}.Build|Any CPU.Build.0 = Release|Any CPU
		{C57E3D87-96E4-43F3-B255-C28B76DC3C2F}.Build|Mixed Platforms.ActiveCfg = Release|Any CPU
		{C57E3D87-96E4-43F3-B255-C28B76DC3C2F}.Build|Mixed Platforms.Build.0 = Release|Any CPU
		{C57E3D87-96E4-43F3-B255-C28B76DC3C2F}.Build|x86.ActiveCfg = Release|Any CPU
		{C57E3D87-96E4-43F3-B255-C28B76DC3C2F}.Debug|Any CPU.ActiveCfg = Debug|Any CPU
		{C57E3D87-96E4-43F3-B255-C28B76DC3C2F}.Debug|Any CPU.Build.0 = Debug|Any CPU
		{C57E3D87-96E4-43F3-B255-C28B76DC3C2F}.Debug|Mixed Platforms.ActiveCfg = Debug|Any CPU
		{C57E3D87-96E4-43F3-B255-C28B76DC3C2F}.Debug|Mixed Platforms.Build.0 = Debug|Any CPU
		{C57E3D87-96E4-43F3-B255-C28B76DC3C2F}.Debug|x86.ActiveCfg = Debug|Any CPU
		{C57E3D87-96E4-43F3-B255-C28B76DC3C2F}.Release|Any CPU.ActiveCfg = Release|Any CPU
		{C57E3D87-96E4-43F3-B255-C28B76DC3C2F}.Release|Any CPU.Build.0 = Release|Any CPU
		{C57E3D87-96E4-43F3-B255-C28B76DC3C2F}.Release|Mixed Platforms.ActiveCfg = Release|Any CPU
		{C57E3D87-96E4-43F3-B255-C28B76DC3C2F}.Release|Mixed Platforms.Build.0 = Release|Any CPU
		{C57E3D87-96E4-43F3-B255-C28B76DC3C2F}.Release|x86.ActiveCfg = Release|Any CPU
		{E83D2F7A-36E9-4098-A92A-CD0AF16A09B6}.Build|Any CPU.ActiveCfg = Release|Any CPU
		{E83D2F7A-36E9-4098-A92A-CD0AF16A09B6}.Build|Any CPU.Build.0 = Release|Any CPU
		{E83D2F7A-36E9-4098-A92A-CD0AF16A09B6}.Build|Mixed Platforms.ActiveCfg = Release|Any CPU
		{E83D2F7A-36E9-4098-A92A-CD0AF16A09B6}.Build|Mixed Platforms.Build.0 = Release|Any CPU
		{E83D2F7A-36E9-4098-A92A-CD0AF16A09B6}.Build|x86.ActiveCfg = Release|Any CPU
		{E83D2F7A-36E9-4098-A92A-CD0AF16A09B6}.Debug|Any CPU.ActiveCfg = Debug|Any CPU
		{E83D2F7A-36E9-4098-A92A-CD0AF16A09B6}.Debug|Any CPU.Build.0 = Debug|Any CPU
		{E83D2F7A-36E9-4098-A92A-CD0AF16A09B6}.Debug|Mixed Platforms.ActiveCfg = Debug|Any CPU
		{E83D2F7A-36E9-4098-A92A-CD0AF16A09B6}.Debug|Mixed Platforms.Build.0 = Debug|Any CPU
		{E83D2F7A-36E9-4098-A92A-CD0AF16A09B6}.Debug|x86.ActiveCfg = Debug|Any CPU
		{E83D2F7A-36E9-4098-A92A-CD0AF16A09B6}.Release|Any CPU.ActiveCfg = Release|Any CPU
		{E83D2F7A-36E9-4098-A92A-CD0AF16A09B6}.Release|Any CPU.Build.0 = Release|Any CPU
		{E83D2F7A-36E9-4098-A92A-CD0AF16A09B6}.Release|Mixed Platforms.ActiveCfg = Release|Any CPU
		{E83D2F7A-36E9-4098-A92A-CD0AF16A09B6}.Release|Mixed Platforms.Build.0 = Release|Any CPU
		{E83D2F7A-36E9-4098-A92A-CD0AF16A09B6}.Release|x86.ActiveCfg = Release|Any CPU
		{A0EED714-7DDB-4D65-9329-16AAB0C0B327}.Build|Any CPU.ActiveCfg = Release|Any CPU
		{A0EED714-7DDB-4D65-9329-16AAB0C0B327}.Build|Any CPU.Build.0 = Release|Any CPU
		{A0EED714-7DDB-4D65-9329-16AAB0C0B327}.Build|Mixed Platforms.ActiveCfg = Release|Any CPU
		{A0EED714-7DDB-4D65-9329-16AAB0C0B327}.Build|Mixed Platforms.Build.0 = Release|Any CPU
		{A0EED714-7DDB-4D65-9329-16AAB0C0B327}.Build|x86.ActiveCfg = Release|Any CPU
		{A0EED714-7DDB-4D65-9329-16AAB0C0B327}.Debug|Any CPU.ActiveCfg = Debug|Any CPU
		{A0EED714-7DDB-4D65-9329-16AAB0C0B327}.Debug|Any CPU.Build.0 = Debug|Any CPU
		{A0EED714-7DDB-4D65-9329-16AAB0C0B327}.Debug|Mixed Platforms.ActiveCfg = Debug|Any CPU
		{A0EED714-7DDB-4D65-9329-16AAB0C0B327}.Debug|Mixed Platforms.Build.0 = Debug|Any CPU
		{A0EED714-7DDB-4D65-9329-16AAB0C0B327}.Debug|x86.ActiveCfg = Debug|Any CPU
		{A0EED714-7DDB-4D65-9329-16AAB0C0B327}.Release|Any CPU.ActiveCfg = Release|Any CPU
		{A0EED714-7DDB-4D65-9329-16AAB0C0B327}.Release|Any CPU.Build.0 = Release|Any CPU
		{A0EED714-7DDB-4D65-9329-16AAB0C0B327}.Release|Mixed Platforms.ActiveCfg = Release|Any CPU
		{A0EED714-7DDB-4D65-9329-16AAB0C0B327}.Release|Mixed Platforms.Build.0 = Release|Any CPU
		{A0EED714-7DDB-4D65-9329-16AAB0C0B327}.Release|x86.ActiveCfg = Release|Any CPU
		{9BC9A179-9664-4085-910A-DB0E30B9D113}.Build|Any CPU.ActiveCfg = Release|Any CPU
		{9BC9A179-9664-4085-910A-DB0E30B9D113}.Build|Any CPU.Build.0 = Release|Any CPU
		{9BC9A179-9664-4085-910A-DB0E30B9D113}.Build|Mixed Platforms.ActiveCfg = Release|Any CPU
		{9BC9A179-9664-4085-910A-DB0E30B9D113}.Build|Mixed Platforms.Build.0 = Release|Any CPU
		{9BC9A179-9664-4085-910A-DB0E30B9D113}.Build|x86.ActiveCfg = Release|Any CPU
		{9BC9A179-9664-4085-910A-DB0E30B9D113}.Debug|Any CPU.ActiveCfg = Debug|Any CPU
		{9BC9A179-9664-4085-910A-DB0E30B9D113}.Debug|Any CPU.Build.0 = Debug|Any CPU
		{9BC9A179-9664-4085-910A-DB0E30B9D113}.Debug|Mixed Platforms.ActiveCfg = Debug|Any CPU
		{9BC9A179-9664-4085-910A-DB0E30B9D113}.Debug|Mixed Platforms.Build.0 = Debug|Any CPU
		{9BC9A179-9664-4085-910A-DB0E30B9D113}.Debug|x86.ActiveCfg = Debug|Any CPU
		{9BC9A179-9664-4085-910A-DB0E30B9D113}.Release|Any CPU.ActiveCfg = Release|Any CPU
		{9BC9A179-9664-4085-910A-DB0E30B9D113}.Release|Any CPU.Build.0 = Release|Any CPU
		{9BC9A179-9664-4085-910A-DB0E30B9D113}.Release|Mixed Platforms.ActiveCfg = Release|Any CPU
		{9BC9A179-9664-4085-910A-DB0E30B9D113}.Release|Mixed Platforms.Build.0 = Release|Any CPU
		{9BC9A179-9664-4085-910A-DB0E30B9D113}.Release|x86.ActiveCfg = Release|Any CPU
		{34893CCD-D37A-406C-8C09-DE9189A1C92A}.Build|Any CPU.ActiveCfg = Release|Any CPU
		{34893CCD-D37A-406C-8C09-DE9189A1C92A}.Build|Any CPU.Build.0 = Release|Any CPU
		{34893CCD-D37A-406C-8C09-DE9189A1C92A}.Build|Mixed Platforms.ActiveCfg = Release|Any CPU
		{34893CCD-D37A-406C-8C09-DE9189A1C92A}.Build|Mixed Platforms.Build.0 = Release|Any CPU
		{34893CCD-D37A-406C-8C09-DE9189A1C92A}.Build|x86.ActiveCfg = Release|Any CPU
		{34893CCD-D37A-406C-8C09-DE9189A1C92A}.Debug|Any CPU.ActiveCfg = Debug|Any CPU
		{34893CCD-D37A-406C-8C09-DE9189A1C92A}.Debug|Any CPU.Build.0 = Debug|Any CPU
		{34893CCD-D37A-406C-8C09-DE9189A1C92A}.Debug|Mixed Platforms.ActiveCfg = Debug|Any CPU
		{34893CCD-D37A-406C-8C09-DE9189A1C92A}.Debug|Mixed Platforms.Build.0 = Debug|Any CPU
		{34893CCD-D37A-406C-8C09-DE9189A1C92A}.Debug|x86.ActiveCfg = Debug|Any CPU
		{34893CCD-D37A-406C-8C09-DE9189A1C92A}.Release|Any CPU.ActiveCfg = Release|Any CPU
		{34893CCD-D37A-406C-8C09-DE9189A1C92A}.Release|Any CPU.Build.0 = Release|Any CPU
		{34893CCD-D37A-406C-8C09-DE9189A1C92A}.Release|Mixed Platforms.ActiveCfg = Release|Any CPU
		{34893CCD-D37A-406C-8C09-DE9189A1C92A}.Release|Mixed Platforms.Build.0 = Release|Any CPU
		{34893CCD-D37A-406C-8C09-DE9189A1C92A}.Release|x86.ActiveCfg = Release|Any CPU
		{32AA22E3-9428-4521-A4F3-A5B603896CEA}.Build|Any CPU.ActiveCfg = Release|Any CPU
		{32AA22E3-9428-4521-A4F3-A5B603896CEA}.Build|Any CPU.Build.0 = Release|Any CPU
		{32AA22E3-9428-4521-A4F3-A5B603896CEA}.Build|Mixed Platforms.ActiveCfg = Release|Any CPU
		{32AA22E3-9428-4521-A4F3-A5B603896CEA}.Build|Mixed Platforms.Build.0 = Release|Any CPU
		{32AA22E3-9428-4521-A4F3-A5B603896CEA}.Build|x86.ActiveCfg = Release|Any CPU
		{32AA22E3-9428-4521-A4F3-A5B603896CEA}.Debug|Any CPU.ActiveCfg = Debug|Any CPU
		{32AA22E3-9428-4521-A4F3-A5B603896CEA}.Debug|Any CPU.Build.0 = Debug|Any CPU
		{32AA22E3-9428-4521-A4F3-A5B603896CEA}.Debug|Mixed Platforms.ActiveCfg = Debug|Any CPU
		{32AA22E3-9428-4521-A4F3-A5B603896CEA}.Debug|Mixed Platforms.Build.0 = Debug|Any CPU
		{32AA22E3-9428-4521-A4F3-A5B603896CEA}.Debug|x86.ActiveCfg = Debug|Any CPU
		{32AA22E3-9428-4521-A4F3-A5B603896CEA}.Release|Any CPU.ActiveCfg = Release|Any CPU
		{32AA22E3-9428-4521-A4F3-A5B603896CEA}.Release|Any CPU.Build.0 = Release|Any CPU
		{32AA22E3-9428-4521-A4F3-A5B603896CEA}.Release|Mixed Platforms.ActiveCfg = Release|Any CPU
		{32AA22E3-9428-4521-A4F3-A5B603896CEA}.Release|Mixed Platforms.Build.0 = Release|Any CPU
		{32AA22E3-9428-4521-A4F3-A5B603896CEA}.Release|x86.ActiveCfg = Release|Any CPU
		{A2FC33F6-FFBE-4EBF-9339-769C08B470DC}.Build|Any CPU.ActiveCfg = Release|Any CPU
		{A2FC33F6-FFBE-4EBF-9339-769C08B470DC}.Build|Any CPU.Build.0 = Release|Any CPU
		{A2FC33F6-FFBE-4EBF-9339-769C08B470DC}.Build|Mixed Platforms.ActiveCfg = Release|Any CPU
		{A2FC33F6-FFBE-4EBF-9339-769C08B470DC}.Build|Mixed Platforms.Build.0 = Release|Any CPU
		{A2FC33F6-FFBE-4EBF-9339-769C08B470DC}.Build|x86.ActiveCfg = Release|Any CPU
		{A2FC33F6-FFBE-4EBF-9339-769C08B470DC}.Debug|Any CPU.ActiveCfg = Debug|Any CPU
		{A2FC33F6-FFBE-4EBF-9339-769C08B470DC}.Debug|Any CPU.Build.0 = Debug|Any CPU
		{A2FC33F6-FFBE-4EBF-9339-769C08B470DC}.Debug|Mixed Platforms.ActiveCfg = Debug|Any CPU
		{A2FC33F6-FFBE-4EBF-9339-769C08B470DC}.Debug|Mixed Platforms.Build.0 = Debug|Any CPU
		{A2FC33F6-FFBE-4EBF-9339-769C08B470DC}.Debug|x86.ActiveCfg = Debug|Any CPU
		{A2FC33F6-FFBE-4EBF-9339-769C08B470DC}.Release|Any CPU.ActiveCfg = Release|Any CPU
		{A2FC33F6-FFBE-4EBF-9339-769C08B470DC}.Release|Any CPU.Build.0 = Release|Any CPU
		{A2FC33F6-FFBE-4EBF-9339-769C08B470DC}.Release|Mixed Platforms.ActiveCfg = Release|Any CPU
		{A2FC33F6-FFBE-4EBF-9339-769C08B470DC}.Release|Mixed Platforms.Build.0 = Release|Any CPU
		{A2FC33F6-FFBE-4EBF-9339-769C08B470DC}.Release|x86.ActiveCfg = Release|Any CPU
		{66A21652-B1E5-4D06-A21D-14FEBF9238DF}.Build|Any CPU.ActiveCfg = Release|Any CPU
		{66A21652-B1E5-4D06-A21D-14FEBF9238DF}.Build|Any CPU.Build.0 = Release|Any CPU
		{66A21652-B1E5-4D06-A21D-14FEBF9238DF}.Build|Mixed Platforms.ActiveCfg = Release|Any CPU
		{66A21652-B1E5-4D06-A21D-14FEBF9238DF}.Build|Mixed Platforms.Build.0 = Release|Any CPU
		{66A21652-B1E5-4D06-A21D-14FEBF9238DF}.Build|x86.ActiveCfg = Release|Any CPU
		{66A21652-B1E5-4D06-A21D-14FEBF9238DF}.Debug|Any CPU.ActiveCfg = Debug|Any CPU
		{66A21652-B1E5-4D06-A21D-14FEBF9238DF}.Debug|Any CPU.Build.0 = Debug|Any CPU
		{66A21652-B1E5-4D06-A21D-14FEBF9238DF}.Debug|Mixed Platforms.ActiveCfg = Debug|Any CPU
		{66A21652-B1E5-4D06-A21D-14FEBF9238DF}.Debug|Mixed Platforms.Build.0 = Debug|Any CPU
		{66A21652-B1E5-4D06-A21D-14FEBF9238DF}.Debug|x86.ActiveCfg = Debug|Any CPU
		{66A21652-B1E5-4D06-A21D-14FEBF9238DF}.Release|Any CPU.ActiveCfg = Release|Any CPU
		{66A21652-B1E5-4D06-A21D-14FEBF9238DF}.Release|Any CPU.Build.0 = Release|Any CPU
		{66A21652-B1E5-4D06-A21D-14FEBF9238DF}.Release|Mixed Platforms.ActiveCfg = Release|Any CPU
		{66A21652-B1E5-4D06-A21D-14FEBF9238DF}.Release|Mixed Platforms.Build.0 = Release|Any CPU
		{66A21652-B1E5-4D06-A21D-14FEBF9238DF}.Release|x86.ActiveCfg = Release|Any CPU
	EndGlobalSection
	GlobalSection(SolutionProperties) = preSolution
		HideSolutionNode = FALSE
	EndGlobalSection
	GlobalSection(TestCaseManagementSettings) = postSolution
		CategoryFile = Bouncer.vsmdi
	EndGlobalSection
	GlobalSection(SubversionScc) = preSolution
		Svn-Managed = True
		Manager = AnkhSVN - Subversion Support for Visual Studio
	EndGlobalSection
EndGlobal
